
Microsoft Visual Studio Solution File, Format Version 12.00
# Visual Studio Version 17
VisualStudioVersion = 17.7.34031.279
MinimumVisualStudioVersion = 10.0.40219.1
Project("{FAE04EC0-301F-11D3-BF4B-00C04F79EFBC}") = "WebApi", "src\WebApi\WebApi.csproj", "{A639E083-8E40-48B9-A49B-6E3067078AA6}"
EndProject
Global
	GlobalSection(SolutionConfigurationPlatforms) = preSolution
		Debug|Any CPU = Debug|Any CPU
		Release|Any CPU = Release|Any CPU
	EndGlobalSection
	GlobalSection(ProjectConfigurationPlatforms) = postSolution
		{A639E083-8E40-48B9-A49B-6E3067078AA6}.Debug|Any CPU.ActiveCfg = Debug|Any CPU
		{A639E083-8E40-48B9-A49B-6E3067078AA6}.Debug|Any CPU.Build.0 = Debug|Any CPU
		{A639E083-8E40-48B9-A49B-6E3067078AA6}.Release|Any CPU.ActiveCfg = Release|Any CPU
		{A639E083-8E40-48B9-A49B-6E3067078AA6}.Release|Any CPU.Build.0 = Release|Any CPU
	EndGlobalSection
	GlobalSection(SolutionProperties) = preSolution
		HideSolutionNode = FALSE
	EndGlobalSection
	GlobalSection(ExtensibilityGlobals) = postSolution
		SolutionGuid = {D73187E0-E6AB-4FFC-903D-DB80134B7AB4}
	EndGlobalSection
EndGlobal
